
Microsoft Visual Studio Solution File, Format Version 12.00
# Visual Studio Version 17
VisualStudioVersion = 17.3.32825.248
MinimumVisualStudioVersion = 10.0.40219.1
Project("{FAE04EC0-301F-11D3-BF4B-00C04F79EFBC}") = "Qualitest_Assignment", "Qualitest_Assignment\Qualitest_Assignment.csproj", "{EA927FF2-549D-4F56-BEE9-8931BC8F71F8}"
EndProject
Global
	GlobalSection(SolutionConfigurationPlatforms) = preSolution
		Debug|Any CPU = Debug|Any CPU
		Release|Any CPU = Release|Any CPU
	EndGlobalSection
	GlobalSection(ProjectConfigurationPlatforms) = postSolution
		{EA927FF2-549D-4F56-BEE9-8931BC8F71F8}.Debug|Any CPU.ActiveCfg = Debug|Any CPU
		{EA927FF2-549D-4F56-BEE9-8931BC8F71F8}.Debug|Any CPU.Build.0 = Debug|Any CPU
		{EA927FF2-549D-4F56-BEE9-8931BC8F71F8}.Release|Any CPU.ActiveCfg = Release|Any CPU
		{EA927FF2-549D-4F56-BEE9-8931BC8F71F8}.Release|Any CPU.Build.0 = Release|Any CPU
	EndGlobalSection
	GlobalSection(SolutionProperties) = preSolution
		HideSolutionNode = FALSE
	EndGlobalSection
	GlobalSection(ExtensibilityGlobals) = postSolution
		SolutionGuid = {30BD4481-FF50-47D5-9DB9-EBDC1BD95E4A}
	EndGlobalSection
EndGlobal
